
Microsoft Visual Studio Solution File, Format Version 12.00
# Visual Studio Version 16
VisualStudioVersion = 16.0.30330.147
MinimumVisualStudioVersion = 10.0.40219.1
Project("{FAE04EC0-301F-11D3-BF4B-00C04F79EFBC}") = "AKDILDataManager", "AKDILDataManager\AKDILDataManager.csproj", "{89A66234-2A63-4D0E-B309-B28F6C5CFD2D}"
EndProject
Project("{00D1A9C2-B5F0-4AF3-8072-F6C62B433612}") = "AKADILData", "AKADILData\AKADILData.sqlproj", "{427055D6-6903-429F-8A8F-BA18EE978F38}"
EndProject
Project("{FAE04EC0-301F-11D3-BF4B-00C04F79EFBC}") = "AKDILTVADesktopUI", "AKDILTVADesktopUI\AKDILTVADesktopUI.csproj", "{F20E6501-E9EB-47FE-83AC-8FFE7E17A6E4}"
EndProject
Project("{FAE04EC0-301F-11D3-BF4B-00C04F79EFBC}") = "AKDILDataManager.Library", "AKDILDataManager.Library\AKDILDataManager.Library.csproj", "{A7EBE2B0-C402-4206-A6EF-99F0638471A8}"
EndProject
Project("{FAE04EC0-301F-11D3-BF4B-00C04F79EFBC}") = "AKDILDesktopUI.Library", "AKDILDesktopUI.Library\AKDILDesktopUI.Library.csproj", "{CBCD1950-4408-47EA-801A-3F8A1B6BF37E}"
EndProject
Global
	GlobalSection(SolutionConfigurationPlatforms) = preSolution
		Debug|Any CPU = Debug|Any CPU
		Release|Any CPU = Release|Any CPU
	EndGlobalSection
	GlobalSection(ProjectConfigurationPlatforms) = postSolution
		{89A66234-2A63-4D0E-B309-B28F6C5CFD2D}.Debug|Any CPU.ActiveCfg = Debug|Any CPU
		{89A66234-2A63-4D0E-B309-B28F6C5CFD2D}.Debug|Any CPU.Build.0 = Debug|Any CPU
		{89A66234-2A63-4D0E-B309-B28F6C5CFD2D}.Release|Any CPU.ActiveCfg = Release|Any CPU
		{89A66234-2A63-4D0E-B309-B28F6C5CFD2D}.Release|Any CPU.Build.0 = Release|Any CPU
		{427055D6-6903-429F-8A8F-BA18EE978F38}.Debug|Any CPU.ActiveCfg = Debug|Any CPU
		{427055D6-6903-429F-8A8F-BA18EE978F38}.Debug|Any CPU.Build.0 = Debug|Any CPU
		{427055D6-6903-429F-8A8F-BA18EE978F38}.Debug|Any CPU.Deploy.0 = Debug|Any CPU
		{427055D6-6903-429F-8A8F-BA18EE978F38}.Release|Any CPU.ActiveCfg = Release|Any CPU
		{427055D6-6903-429F-8A8F-BA18EE978F38}.Release|Any CPU.Build.0 = Release|Any CPU
		{427055D6-6903-429F-8A8F-BA18EE978F38}.Release|Any CPU.Deploy.0 = Release|Any CPU
		{F20E6501-E9EB-47FE-83AC-8FFE7E17A6E4}.Debug|Any CPU.ActiveCfg = Debug|Any CPU
		{F20E6501-E9EB-47FE-83AC-8FFE7E17A6E4}.Debug|Any CPU.Build.0 = Debug|Any CPU
		{F20E6501-E9EB-47FE-83AC-8FFE7E17A6E4}.Release|Any CPU.ActiveCfg = Release|Any CPU
		{F20E6501-E9EB-47FE-83AC-8FFE7E17A6E4}.Release|Any CPU.Build.0 = Release|Any CPU
		{A7EBE2B0-C402-4206-A6EF-99F0638471A8}.Debug|Any CPU.ActiveCfg = Debug|Any CPU
		{A7EBE2B0-C402-4206-A6EF-99F0638471A8}.Debug|Any CPU.Build.0 = Debug|Any CPU
		{A7EBE2B0-C402-4206-A6EF-99F0638471A8}.Release|Any CPU.ActiveCfg = Release|Any CPU
		{A7EBE2B0-C402-4206-A6EF-99F0638471A8}.Release|Any CPU.Build.0 = Release|Any CPU
		{CBCD1950-4408-47EA-801A-3F8A1B6BF37E}.Debug|Any CPU.ActiveCfg = Debug|Any CPU
		{CBCD1950-4408-47EA-801A-3F8A1B6BF37E}.Debug|Any CPU.Build.0 = Debug|Any CPU
		{CBCD1950-4408-47EA-801A-3F8A1B6BF37E}.Release|Any CPU.ActiveCfg = Release|Any CPU
		{CBCD1950-4408-47EA-801A-3F8A1B6BF37E}.Release|Any CPU.Build.0 = Release|Any CPU
	EndGlobalSection
	GlobalSection(SolutionProperties) = preSolution
		HideSolutionNode = FALSE
	EndGlobalSection
	GlobalSection(ExtensibilityGlobals) = postSolution
		SolutionGuid = {08CA86D9-2341-4705-8790-90C991D20657}
	EndGlobalSection
EndGlobal
